
Microsoft Visual Studio Solution File, Format Version 12.00
# Visual Studio Version 17
VisualStudioVersion = 17.6.33801.468
MinimumVisualStudioVersion = 10.0.40219.1
Project("{FAE04EC0-301F-11D3-BF4B-00C04F79EFBC}") = "KeyenceUplinkEMU", "KeyenceUplinkEMU.csproj", "{3A4FB895-BBDE-4FC5-9950-ACAEB17D48FC}"
EndProject
Global
	GlobalSection(SolutionConfigurationPlatforms) = preSolution
		Debug|Any CPU = Debug|Any CPU
		Release|Any CPU = Release|Any CPU
	EndGlobalSection
	GlobalSection(ProjectConfigurationPlatforms) = postSolution
		{3A4FB895-BBDE-4FC5-9950-ACAEB17D48FC}.Debug|Any CPU.ActiveCfg = Debug|Any CPU
		{3A4FB895-BBDE-4FC5-9950-ACAEB17D48FC}.Debug|Any CPU.Build.0 = Debug|Any CPU
		{3A4FB895-BBDE-4FC5-9950-ACAEB17D48FC}.Release|Any CPU.ActiveCfg = Release|Any CPU
		{3A4FB895-BBDE-4FC5-9950-ACAEB17D48FC}.Release|Any CPU.Build.0 = Release|Any CPU
	EndGlobalSection
	GlobalSection(SolutionProperties) = preSolution
		HideSolutionNode = FALSE
	EndGlobalSection
	GlobalSection(ExtensibilityGlobals) = postSolution
		SolutionGuid = {3C7ADDC5-BE7F-42C1-9355-3E9FC3183BD3}
	EndGlobalSection
EndGlobal
